
Microsoft Visual Studio Solution File, Format Version 12.00
Project("{FAE04EC0-301F-11D3-BF4B-00C04F79EFBC}") = "NeuKonzExam", "NeuKonzExam\NeuKonzExam.csproj", "{DD522461-2473-44A7-B805-BE5DB1CEC0D6}"
EndProject
Project("{FAE04EC0-301F-11D3-BF4B-00C04F79EFBC}") = "NameLength", "NameLength\NameLength.csproj", "{D5F08355-614E-4D63-949C-008453A3C820}"
EndProject
Project("{FAE04EC0-301F-11D3-BF4B-00C04F79EFBC}") = "Palindrome Checker", "Palindrome Checker\Palindrome Checker.csproj", "{0A0B687E-5A66-42E9-9720-988631071950}"
EndProject
Project("{FAE04EC0-301F-11D3-BF4B-00C04F79EFBC}") = "Calculator", "Calculator\Calculator.csproj", "{AF5711BE-0EB1-4418-8295-5FA92CF0F85B}"
EndProject
Global
	GlobalSection(SolutionConfigurationPlatforms) = preSolution
		Debug|Any CPU = Debug|Any CPU
		Release|Any CPU = Release|Any CPU
	EndGlobalSection
	GlobalSection(ProjectConfigurationPlatforms) = postSolution
		{DD522461-2473-44A7-B805-BE5DB1CEC0D6}.Debug|Any CPU.ActiveCfg = Debug|Any CPU
		{DD522461-2473-44A7-B805-BE5DB1CEC0D6}.Debug|Any CPU.Build.0 = Debug|Any CPU
		{DD522461-2473-44A7-B805-BE5DB1CEC0D6}.Release|Any CPU.ActiveCfg = Release|Any CPU
		{DD522461-2473-44A7-B805-BE5DB1CEC0D6}.Release|Any CPU.Build.0 = Release|Any CPU
		{D5F08355-614E-4D63-949C-008453A3C820}.Debug|Any CPU.ActiveCfg = Debug|Any CPU
		{D5F08355-614E-4D63-949C-008453A3C820}.Debug|Any CPU.Build.0 = Debug|Any CPU
		{D5F08355-614E-4D63-949C-008453A3C820}.Release|Any CPU.ActiveCfg = Release|Any CPU
		{D5F08355-614E-4D63-949C-008453A3C820}.Release|Any CPU.Build.0 = Release|Any CPU
		{0A0B687E-5A66-42E9-9720-988631071950}.Debug|Any CPU.ActiveCfg = Debug|Any CPU
		{0A0B687E-5A66-42E9-9720-988631071950}.Debug|Any CPU.Build.0 = Debug|Any CPU
		{0A0B687E-5A66-42E9-9720-988631071950}.Release|Any CPU.ActiveCfg = Release|Any CPU
		{0A0B687E-5A66-42E9-9720-988631071950}.Release|Any CPU.Build.0 = Release|Any CPU
		{AF5711BE-0EB1-4418-8295-5FA92CF0F85B}.Debug|Any CPU.ActiveCfg = Debug|Any CPU
		{AF5711BE-0EB1-4418-8295-5FA92CF0F85B}.Debug|Any CPU.Build.0 = Debug|Any CPU
		{AF5711BE-0EB1-4418-8295-5FA92CF0F85B}.Release|Any CPU.ActiveCfg = Release|Any CPU
		{AF5711BE-0EB1-4418-8295-5FA92CF0F85B}.Release|Any CPU.Build.0 = Release|Any CPU
	EndGlobalSection
EndGlobal
